
Microsoft Visual Studio Solution File, Format Version 12.00
# Visual Studio 15
VisualStudioVersion = 15.0.28010.2048
MinimumVisualStudioVersion = 10.0.40219.1
Project("{FAE04EC0-301F-11D3-BF4B-00C04F79EFBC}") = "Pico8SpriteBuilder", "Pico8SpriteBuilder\Pico8SpriteBuilder.csproj", "{FAA6DF26-F365-4642-BEF4-7173E861B623}"
EndProject
Global
	GlobalSection(SolutionConfigurationPlatforms) = preSolution
		Debug|Any CPU = Debug|Any CPU
		Release|Any CPU = Release|Any CPU
	EndGlobalSection
	GlobalSection(ProjectConfigurationPlatforms) = postSolution
		{FAA6DF26-F365-4642-BEF4-7173E861B623}.Debug|Any CPU.ActiveCfg = Debug|Any CPU
		{FAA6DF26-F365-4642-BEF4-7173E861B623}.Debug|Any CPU.Build.0 = Debug|Any CPU
		{FAA6DF26-F365-4642-BEF4-7173E861B623}.Release|Any CPU.ActiveCfg = Release|Any CPU
		{FAA6DF26-F365-4642-BEF4-7173E861B623}.Release|Any CPU.Build.0 = Release|Any CPU
	EndGlobalSection
	GlobalSection(SolutionProperties) = preSolution
		HideSolutionNode = FALSE
	EndGlobalSection
	GlobalSection(ExtensibilityGlobals) = postSolution
		SolutionGuid = {F96A963B-5DF9-4E5A-BA9F-F97B71732AF9}
	EndGlobalSection
EndGlobal
